
Microsoft Visual Studio Solution File, Format Version 12.00
# Visual Studio Version 16
VisualStudioVersion = 16.0.31911.196
MinimumVisualStudioVersion = 10.0.40219.1
Project("{FAE04EC0-301F-11D3-BF4B-00C04F79EFBC}") = "RockPaperScissors", "RockPaperScissors.csproj", "{C929F8C3-A3EC-4056-8BD5-C698A0C98A4C}"
EndProject
Global
	GlobalSection(SolutionConfigurationPlatforms) = preSolution
		Debug|Any CPU = Debug|Any CPU
		Release|Any CPU = Release|Any CPU
	EndGlobalSection
	GlobalSection(ProjectConfigurationPlatforms) = postSolution
		{C929F8C3-A3EC-4056-8BD5-C698A0C98A4C}.Debug|Any CPU.ActiveCfg = Debug|Any CPU
		{C929F8C3-A3EC-4056-8BD5-C698A0C98A4C}.Debug|Any CPU.Build.0 = Debug|Any CPU
		{C929F8C3-A3EC-4056-8BD5-C698A0C98A4C}.Release|Any CPU.ActiveCfg = Release|Any CPU
		{C929F8C3-A3EC-4056-8BD5-C698A0C98A4C}.Release|Any CPU.Build.0 = Release|Any CPU
	EndGlobalSection
	GlobalSection(SolutionProperties) = preSolution
		HideSolutionNode = FALSE
	EndGlobalSection
	GlobalSection(ExtensibilityGlobals) = postSolution
		SolutionGuid = {2ECE305B-9418-4ED2-92F6-28631E1C9F6F}
	EndGlobalSection
EndGlobal
